// !$*UTF8*$!
{
	archiveVersion = 1;
	classes = {
	};
	objectVersion = 48;
	objects = {

/* Begin PBXBuildFile section */
		2808E7E121670F3D00CF285E /* Reachability.swift in Sources */ = {isa = PBXBuildFile; fileRef = 2808E7E021670F3D00CF285E /* Reachability.swift */; };
		2822B140214E083D00986774 /* FavoritesTableViewController.swift in Sources */ = {isa = PBXBuildFile; fileRef = 2822B13F214E083D00986774 /* FavoritesTableViewController.swift */; };
		28827CAB213F828C003EBC8F /* shiba-8.JPG in Resources */ = {isa = PBXBuildFile; fileRef = 28827CAA213F828C003EBC8F /* shiba-8.JPG */; };
		28ED27AB2169345B00471691 /* instruction-image2.png in Resources */ = {isa = PBXBuildFile; fileRef = 28ED27AA2169345B00471691 /* instruction-image2.png */; };
		7C367F0D214ED56D0058C888 /* FavoriteDogTableViewCell.swift in Sources */ = {isa = PBXBuildFile; fileRef = 7C367F0C214ED56D0058C888 /* FavoriteDogTableViewCell.swift */; };
		7C869053229067B600D198FC /* RandomDogImage.swift in Sources */ = {isa = PBXBuildFile; fileRef = 7C869052229067B600D198FC /* RandomDogImage.swift */; };
		7C89000D228FCCB800617EA7 /* DogModel.swift in Sources */ = {isa = PBXBuildFile; fileRef = 7C89000C228FCCB800617EA7 /* DogModel.swift */; };
		7C96A8CC214D8258009496CF /* DogFinder.xcdatamodeld in Sources */ = {isa = PBXBuildFile; fileRef = 7C96A8CA214D8258009496CF /* DogFinder.xcdatamodeld */; };
		7C96A8CF214D8600009496CF /* DataController.swift in Sources */ = {isa = PBXBuildFile; fileRef = 7C96A8CE214D8600009496CF /* DataController.swift */; };
		7CBA0924213E19CF00B96781 /* AppDelegate.swift in Sources */ = {isa = PBXBuildFile; fileRef = 7CBA0923213E19CF00B96781 /* AppDelegate.swift */; };
		7CBA0926213E19CF00B96781 /* RandomDogViewController.swift in Sources */ = {isa = PBXBuildFile; fileRef = 7CBA0925213E19CF00B96781 /* RandomDogViewController.swift */; };
		7CBA0929213E19CF00B96781 /* Main.storyboard in Resources */ = {isa = PBXBuildFile; fileRef = 7CBA0927213E19CF00B96781 /* Main.storyboard */; };
		7CBA092B213E19CF00B96781 /* Assets.xcassets in Resources */ = {isa = PBXBuildFile; fileRef = 7CBA092A213E19CF00B96781 /* Assets.xcassets */; };
		7CBA092E213E19CF00B96781 /* LaunchScreen.storyboard in Resources */ = {isa = PBXBuildFile; fileRef = 7CBA092C213E19CF00B96781 /* LaunchScreen.storyboard */; };
		7CCF5EB821630B3600A95D90 /* DogClient.swift in Sources */ = {isa = PBXBuildFile; fileRef = 7CCF5EB721630B3600A95D90 /* DogClient.swift */; };
		7CCF5EBA21630BD400A95D90 /* DogConstants.swift in Sources */ = {isa = PBXBuildFile; fileRef = 7CCF5EB921630BD400A95D90 /* DogConstants.swift */; };
/* End PBXBuildFile section */

/* Begin PBXFileReference section */
		2808E7E021670F3D00CF285E /* Reachability.swift */ = {isa = PBXFileReference; fileEncoding = 4; lastKnownFileType = sourcecode.swift; path = Reachability.swift; sourceTree = "<group>"; };
		2822B13F214E083D00986774 /* FavoritesTableViewController.swift */ = {isa = PBXFileReference; lastKnownFileType = sourcecode.swift; path = FavoritesTableViewController.swift; sourceTree = "<group>"; };
		28827CAA213F828C003EBC8F /* shiba-8.JPG */ = {isa = PBXFileReference; lastKnownFileType = image.jpeg; path = "shiba-8.JPG"; sourceTree = "<group>"; };
		28ED27AA2169345B00471691 /* instruction-image2.png */ = {isa = PBXFileReference; lastKnownFileType = image.png; path = "instruction-image2.png"; sourceTree = "<group>"; };
		7C367F0C214ED56D0058C888 /* FavoriteDogTableViewCell.swift */ = {isa = PBXFileReference; lastKnownFileType = sourcecode.swift; path = FavoriteDogTableViewCell.swift; sourceTree = "<group>"; };
		7C869052229067B600D198FC /* RandomDogImage.swift */ = {isa = PBXFileReference; lastKnownFileType = sourcecode.swift; path = RandomDogImage.swift; sourceTree = "<group>"; };
		7C89000C228FCCB800617EA7 /* DogModel.swift */ = {isa = PBXFileReference; lastKnownFileType = sourcecode.swift; path = DogModel.swift; sourceTree = "<group>"; };
		7C96A8CB214D8258009496CF /* DogFinder.xcdatamodel */ = {isa = PBXFileReference; lastKnownFileType = wrapper.xcdatamodel; path = DogFinder.xcdatamodel; sourceTree = "<group>"; };
		7C96A8CE214D8600009496CF /* DataController.swift */ = {isa = PBXFileReference; lastKnownFileType = sourcecode.swift; path = DataController.swift; sourceTree = "<group>"; };
		7CBA0920213E19CF00B96781 /* dogFinder.app */ = {isa = PBXFileReference; explicitFileType = wrapper.application; includeInIndex = 0; path = dogFinder.app; sourceTree = BUILT_PRODUCTS_DIR; };
		7CBA0923213E19CF00B96781 /* AppDelegate.swift */ = {isa = PBXFileReference; lastKnownFileType = sourcecode.swift; path = AppDelegate.swift; sourceTree = "<group>"; };
		7CBA0925213E19CF00B96781 /* RandomDogViewController.swift */ = {isa = PBXFileReference; lastKnownFileType = sourcecode.swift; path = RandomDogViewController.swift; sourceTree = "<group>"; };
		7CBA0928213E19CF00B96781 /* Base */ = {isa = PBXFileReference; lastKnownFileType = file.storyboard; name = Base; path = Base.lproj/Main.storyboard; sourceTree = "<group>"; };
		7CBA092A213E19CF00B96781 /* Assets.xcassets */ = {isa = PBXFileReference; lastKnownFileType = folder.assetcatalog; path = Assets.xcassets; sourceTree = "<group>"; };
		7CBA092D213E19CF00B96781 /* Base */ = {isa = PBXFileReference; lastKnownFileType = file.storyboard; name = Base; path = Base.lproj/LaunchScreen.storyboard; sourceTree = "<group>"; };
		7CBA092F213E19CF00B96781 /* Info.plist */ = {isa = PBXFileReference; lastKnownFileType = text.plist.xml; path = Info.plist; sourceTree = "<group>"; };
		7CCF5EB721630B3600A95D90 /* DogClient.swift */ = {isa = PBXFileReference; lastKnownFileType = sourcecode.swift; path = DogClient.swift; sourceTree = "<group>"; };
		7CCF5EB921630BD400A95D90 /* DogConstants.swift */ = {isa = PBXFileReference; lastKnownFileType = sourcecode.swift; path = DogConstants.swift; sourceTree = "<group>"; };
/* End PBXFileReference section */

/* Begin PBXFrameworksBuildPhase section */
		7CBA091D213E19CF00B96781 /* Frameworks */ = {
			isa = PBXFrameworksBuildPhase;
			buildActionMask = 2147483647;
			files = (
			);
			runOnlyForDeploymentPostprocessing = 0;
		};
/* End PBXFrameworksBuildPhase section */

/* Begin PBXGroup section */
		28827CA9213F8268003EBC8F /* Test Photos */ = {
			isa = PBXGroup;
			children = (
				28ED27AA2169345B00471691 /* instruction-image2.png */,
				28827CAA213F828C003EBC8F /* shiba-8.JPG */,
			);
			path = "Test Photos";
			sourceTree = "<group>";
		};
		7C367F0B214ED5480058C888 /* View */ = {
			isa = PBXGroup;
			children = (
				7C367F0C214ED56D0058C888 /* FavoriteDogTableViewCell.swift */,
				7C869052229067B600D198FC /* RandomDogImage.swift */,
			);
			path = View;
			sourceTree = "<group>";
		};
		7C96A8CD214D85C9009496CF /* Model */ = {
			isa = PBXGroup;
			children = (
				7C96A8CE214D8600009496CF /* DataController.swift */,
				7CCF5EB721630B3600A95D90 /* DogClient.swift */,
				7CCF5EB921630BD400A95D90 /* DogConstants.swift */,
				2808E7E021670F3D00CF285E /* Reachability.swift */,
				7C89000C228FCCB800617EA7 /* DogModel.swift */,
			);
			path = Model;
			sourceTree = "<group>";
		};
		7CBA0917213E19CF00B96781 = {
			isa = PBXGroup;
			children = (
				7C96A8CA214D8258009496CF /* DogFinder.xcdatamodeld */,
				7CBA0922213E19CF00B96781 /* dogFinder */,
				7CBA0921213E19CF00B96781 /* Products */,
			);
			sourceTree = "<group>";
		};
		7CBA0921213E19CF00B96781 /* Products */ = {
			isa = PBXGroup;
			children = (
				7CBA0920213E19CF00B96781 /* dogFinder.app */,
			);
			name = Products;
			sourceTree = "<group>";
		};
		7CBA0922213E19CF00B96781 /* dogFinder */ = {
			isa = PBXGroup;
			children = (
				7C96A8CD214D85C9009496CF /* Model */,
				7C367F0B214ED5480058C888 /* View */,
				28827CA9213F8268003EBC8F /* Test Photos */,
				7CBA0923213E19CF00B96781 /* AppDelegate.swift */,
				7CBA0925213E19CF00B96781 /* RandomDogViewController.swift */,
				2822B13F214E083D00986774 /* FavoritesTableViewController.swift */,
				7CBA0927213E19CF00B96781 /* Main.storyboard */,
				7CBA092A213E19CF00B96781 /* Assets.xcassets */,
				7CBA092C213E19CF00B96781 /* LaunchScreen.storyboard */,
				7CBA092F213E19CF00B96781 /* Info.plist */,
			);
			path = dogFinder;
			sourceTree = "<group>";
		};
/* End PBXGroup section */

/* Begin PBXNativeTarget section */
		7CBA091F213E19CF00B96781 /* dogFinder */ = {
			isa = PBXNativeTarget;
			buildConfigurationList = 7CBA0932213E19CF00B96781 /* Build configuration list for PBXNativeTarget "dogFinder" */;
			buildPhases = (
				7CBA091C213E19CF00B96781 /* Sources */,
				7CBA091D213E19CF00B96781 /* Frameworks */,
				7CBA091E213E19CF00B96781 /* Resources */,
			);
			buildRules = (
			);
			dependencies = (
			);
			name = dogFinder;
			productName = puppyFinder;
			productReference = 7CBA0920213E19CF00B96781 /* dogFinder.app */;
			productType = "com.apple.product-type.application";
		};
/* End PBXNativeTarget section */

/* Begin PBXProject section */
		7CBA0918213E19CF00B96781 /* Project object */ = {
			isa = PBXProject;
			attributes = {
				LastSwiftUpdateCheck = 0920;
				LastUpgradeCheck = 1020;
				ORGANIZATIONNAME = "Frank Aceves";
				TargetAttributes = {
					7CBA091F213E19CF00B96781 = {
						CreatedOnToolsVersion = 9.2;
						LastSwiftMigration = 1020;
						ProvisioningStyle = Automatic;
					};
				};
			};
			buildConfigurationList = 7CBA091B213E19CF00B96781 /* Build configuration list for PBXProject "dogFinder" */;
			compatibilityVersion = "Xcode 8.0";
			developmentRegion = en;
			hasScannedForEncodings = 0;
			knownRegions = (
				en,
				Base,
			);
			mainGroup = 7CBA0917213E19CF00B96781;
			productRefGroup = 7CBA0921213E19CF00B96781 /* Products */;
			projectDirPath = "";
			projectRoot = "";
			targets = (
				7CBA091F213E19CF00B96781 /* dogFinder */,
			);
		};
/* End PBXProject section */

/* Begin PBXResourcesBuildPhase section */
		7CBA091E213E19CF00B96781 /* Resources */ = {
			isa = PBXResourcesBuildPhase;
			buildActionMask = 2147483647;
			files = (
				7CBA092E213E19CF00B96781 /* LaunchScreen.storyboard in Resources */,
				28ED27AB2169345B00471691 /* instruction-image2.png in Resources */,
				7CBA092B213E19CF00B96781 /* Assets.xcassets in Resources */,
				28827CAB213F828C003EBC8F /* shiba-8.JPG in Resources */,
				7CBA0929213E19CF00B96781 /* Main.storyboard in Resources */,
			);
			runOnlyForDeploymentPostprocessing = 0;
		};
/* End PBXResourcesBuildPhase section */

/* Begin PBXSourcesBuildPhase section */
		7CBA091C213E19CF00B96781 /* Sources */ = {
			isa = PBXSourcesBuildPhase;
			buildActionMask = 2147483647;
			files = (
				7CBA0926213E19CF00B96781 /* RandomDogViewController.swift in Sources */,
				7C96A8CF214D8600009496CF /* DataController.swift in Sources */,
				7C96A8CC214D8258009496CF /* DogFinder.xcdatamodeld in Sources */,
				7CCF5EB821630B3600A95D90 /* DogClient.swift in Sources */,
				2822B140214E083D00986774 /* FavoritesTableViewController.swift in Sources */,
				7CCF5EBA21630BD400A95D90 /* DogConstants.swift in Sources */,
				7C89000D228FCCB800617EA7 /* DogModel.swift in Sources */,
				2808E7E121670F3D00CF285E /* Reachability.swift in Sources */,
				7CBA0924213E19CF00B96781 /* AppDelegate.swift in Sources */,
				7C367F0D214ED56D0058C888 /* FavoriteDogTableViewCell.swift in Sources */,
				7C869053229067B600D198FC /* RandomDogImage.swift in Sources */,
			);
			runOnlyForDeploymentPostprocessing = 0;
		};
/* End PBXSourcesBuildPhase section */

/* Begin PBXVariantGroup section */
		7CBA0927213E19CF00B96781 /* Main.storyboard */ = {
			isa = PBXVariantGroup;
			children = (
				7CBA0928213E19CF00B96781 /* Base */,
			);
			name = Main.storyboard;
			sourceTree = "<group>";
		};
		7CBA092C213E19CF00B96781 /* LaunchScreen.storyboard */ = {
			isa = PBXVariantGroup;
			children = (
				7CBA092D213E19CF00B96781 /* Base */,
			);
			name = LaunchScreen.storyboard;
			sourceTree = "<group>";
		};
/* End PBXVariantGroup section */

/* Begin XCBuildConfiguration section */
		7CBA0930213E19CF00B96781 /* Debug */ = {
			isa = XCBuildConfiguration;
			buildSettings = {
				ALWAYS_SEARCH_USER_PATHS = NO;
				CLANG_ANALYZER_NONNULL = YES;
				CLANG_ANALYZER_NUMBER_OBJECT_CONVERSION = YES_AGGRESSIVE;
				CLANG_CXX_LANGUAGE_STANDARD = "gnu++14";
				CLANG_CXX_LIBRARY = "libc++";
				CLANG_ENABLE_MODULES = YES;
				CLANG_ENABLE_OBJC_ARC = YES;
				CLANG_WARN_BLOCK_CAPTURE_AUTORELEASING = YES;
				CLANG_WARN_BOOL_CONVERSION = YES;
				CLANG_WARN_COMMA = YES;
				CLANG_WARN_CONSTANT_CONVERSION = YES;
				CLANG_WARN_DEPRECATED_OBJC_IMPLEMENTATIONS = YES;
				CLANG_WARN_DIRECT_OBJC_ISA_USAGE = YES_ERROR;
				CLANG_WARN_DOCUMENTATION_COMMENTS = YES;
				CLANG_WARN_EMPTY_BODY = YES;
				CLANG_WARN_ENUM_CONVERSION = YES;
				CLANG_WARN_INFINITE_RECURSION = YES;
				CLANG_WARN_INT_CONVERSION = YES;
				CLANG_WARN_NON_LITERAL_NULL_CONVERSION = YES;
				CLANG_WARN_OBJC_IMPLICIT_RETAIN_SELF = YES;
				CLANG_WARN_OBJC_LITERAL_CONVERSION = YES;
				CLANG_WARN_OBJC_ROOT_CLASS = YES_ERROR;
				CLANG_WARN_RANGE_LOOP_ANALYSIS = YES;
				CLANG_WARN_STRICT_PROTOTYPES = YES;
				CLANG_WARN_SUSPICIOUS_MOVE = YES;
				CLANG_WARN_UNGUARDED_AVAILABILITY = YES_AGGRESSIVE;
				CLANG_WARN_UNREACHABLE_CODE = YES;
				CLANG_WARN__DUPLICATE_METHOD_MATCH = YES;
				CODE_SIGN_IDENTITY = "iPhone Developer";
				COPY_PHASE_STRIP = NO;
				DEBUG_INFORMATION_FORMAT = dwarf;
				ENABLE_STRICT_OBJC_MSGSEND = YES;
				ENABLE_TESTABILITY = YES;
				GCC_C_LANGUAGE_STANDARD = gnu11;
				GCC_DYNAMIC_NO_PIC = NO;
				GCC_NO_COMMON_BLOCKS = YES;
				GCC_OPTIMIZATION_LEVEL = 0;
				GCC_PREPROCESSOR_DEFINITIONS = (
					"DEBUG=1",
					"$(inherited)",
				);
				GCC_WARN_64_TO_32_BIT_CONVERSION = YES;
				GCC_WARN_ABOUT_RETURN_TYPE = YES_ERROR;
				GCC_WARN_UNDECLARED_SELECTOR = YES;
				GCC_WARN_UNINITIALIZED_AUTOS = YES_AGGRESSIVE;
				GCC_WARN_UNUSED_FUNCTION = YES;
				GCC_WARN_UNUSED_VARIABLE = YES;
				IPHONEOS_DEPLOYMENT_TARGET = 11.2;
				MTL_ENABLE_DEBUG_INFO = YES;
				ONLY_ACTIVE_ARCH = YES;
				SDKROOT = iphoneos;
				SWIFT_ACTIVE_COMPILATION_CONDITIONS = DEBUG;
				SWIFT_OPTIMIZATION_LEVEL = "-Onone";
			};
			name = Debug;
		};
		7CBA0931213E19CF00B96781 /* Release */ = {
			isa = XCBuildConfiguration;
			buildSettings = {
				ALWAYS_SEARCH_USER_PATHS = NO;
				CLANG_ANALYZER_NONNULL = YES;
				CLANG_ANALYZER_NUMBER_OBJECT_CONVERSION = YES_AGGRESSIVE;
				CLANG_CXX_LANGUAGE_STANDARD = "gnu++14";
				CLANG_CXX_LIBRARY = "libc++";
				CLANG_ENABLE_MODULES = YES;
				CLANG_ENABLE_OBJC_ARC = YES;
				CLANG_WARN_BLOCK_CAPTURE_AUTORELEASING = YES;
				CLANG_WARN_BOOL_CONVERSION = YES;
				CLANG_WARN_COMMA = YES;
				CLANG_WARN_CONSTANT_CONVERSION = YES;
				CLANG_WARN_DEPRECATED_OBJC_IMPLEMENTATIONS = YES;
				CLANG_WARN_DIRECT_OBJC_ISA_USAGE = YES_ERROR;
				CLANG_WARN_DOCUMENTATION_COMMENTS = YES;
				CLANG_WARN_EMPTY_BODY = YES;
				CLANG_WARN_ENUM_CONVERSION = YES;
				CLANG_WARN_INFINITE_RECURSION = YES;
				CLANG_WARN_INT_CONVERSION = YES;
				CLANG_WARN_NON_LITERAL_NULL_CONVERSION = YES;
				CLANG_WARN_OBJC_IMPLICIT_RETAIN_SELF = YES;
				CLANG_WARN_OBJC_LITERAL_CONVERSION = YES;
				CLANG_WARN_OBJC_ROOT_CLASS = YES_ERROR;
				CLANG_WARN_RANGE_LOOP_ANALYSIS = YES;
				CLANG_WARN_STRICT_PROTOTYPES = YES;
				CLANG_WARN_SUSPICIOUS_MOVE = YES;
				CLANG_WARN_UNGUARDED_AVAILABILITY = YES_AGGRESSIVE;
				CLANG_WARN_UNREACHABLE_CODE = YES;
				CLANG_WARN__DUPLICATE_METHOD_MATCH = YES;
				CODE_SIGN_IDENTITY = "iPhone Developer";
				COPY_PHASE_STRIP = NO;
				DEBUG_INFORMATION_FORMAT = "dwarf-with-dsym";
				ENABLE_NS_ASSERTIONS = NO;
				ENABLE_STRICT_OBJC_MSGSEND = YES;
				GCC_C_LANGUAGE_STANDARD = gnu11;
				GCC_NO_COMMON_BLOCKS = YES;
				GCC_WARN_64_TO_32_BIT_CONVERSION = YES;
				GCC_WARN_ABOUT_RETURN_TYPE = YES_ERROR;
				GCC_WARN_UNDECLARED_SELECTOR = YES;
				GCC_WARN_UNINITIALIZED_AUTOS = YES_AGGRESSIVE;
				GCC_WARN_UNUSED_FUNCTION = YES;
				GCC_WARN_UNUSED_VARIABLE = YES;
				IPHONEOS_DEPLOYMENT_TARGET = 11.2;
				MTL_ENABLE_DEBUG_INFO = NO;
				SDKROOT = iphoneos;
				SWIFT_OPTIMIZATION_LEVEL = "-Owholemodule";
				VALIDATE_PRODUCT = YES;
			};
			name = Release;
		};
		7CBA0933213E19CF00B96781 /* Debug */ = {
			isa = XCBuildConfiguration;
			buildSettings = {
				ASSETCATALOG_COMPILER_APPICON_NAME = AppIcon;
				CODE_SIGN_STYLE = Automatic;
				DEVELOPMENT_TEAM = 5K24LXXJ4P;
				INFOPLIST_FILE = dogFinder/Info.plist;
				LD_RUNPATH_SEARCH_PATHS = "$(inherited) @executable_path/Frameworks";
				PRODUCT_BUNDLE_IDENTIFIER = com.frankaceves.dogFinder;
				PRODUCT_NAME = "$(TARGET_NAME)";
				SWIFT_VERSION = 5.0;
				TARGETED_DEVICE_FAMILY = "1,2";
			};
			name = Debug;
		};
		7CBA0934213E19CF00B96781 /* Release */ = {
			isa = XCBuildConfiguration;
			buildSettings = {
				ASSETCATALOG_COMPILER_APPICON_NAME = AppIcon;
				CODE_SIGN_STYLE = Automatic;
				DEVELOPMENT_TEAM = 5K24LXXJ4P;
				INFOPLIST_FILE = dogFinder/Info.plist;
				LD_RUNPATH_SEARCH_PATHS = "$(inherited) @executable_path/Frameworks";
				PRODUCT_BUNDLE_IDENTIFIER = com.frankaceves.dogFinder;
				PRODUCT_NAME = "$(TARGET_NAME)";
				SWIFT_VERSION = 5.0;
				TARGETED_DEVICE_FAMILY = "1,2";
			};
			name = Release;
		};
/* End XCBuildConfiguration section */

/* Begin XCConfigurationList section */
		7CBA091B213E19CF00B96781 /* Build configuration list for PBXProject "dogFinder" */ = {
			isa = XCConfigurationList;
			buildConfigurations = (
				7CBA0930213E19CF00B96781 /* Debug */,
				7CBA0931213E19CF00B96781 /* Release */,
			);
			defaultConfigurationIsVisible = 0;
			defaultConfigurationName = Release;
		};
		7CBA0932213E19CF00B96781 /* Build configuration list for PBXNativeTarget "dogFinder" */ = {
			isa = XCConfigurationList;
			buildConfigurations = (
				7CBA0933213E19CF00B96781 /* Debug */,
				7CBA0934213E19CF00B96781 /* Release */,
			);
			defaultConfigurationIsVisible = 0;
			defaultConfigurationName = Release;
		};
/* End XCConfigurationList section */

/* Begin XCVersionGroup section */
		7C96A8CA214D8258009496CF /* DogFinder.xcdatamodeld */ = {
			isa = XCVersionGroup;
			children = (
				7C96A8CB214D8258009496CF /* DogFinder.xcdatamodel */,
			);
			currentVersion = 7C96A8CB214D8258009496CF /* DogFinder.xcdatamodel */;
			path = DogFinder.xcdatamodeld;
			sourceTree = "<group>";
			versionGroupType = wrapper.xcdatamodel;
		};
/* End XCVersionGroup section */
	};
	rootObject = 7CBA0918213E19CF00B96781 /* Project object */;
}
